
Microsoft Visual Studio Solution File, Format Version 12.00
# Visual Studio Version 16
VisualStudioVersion = 16.0.29806.167
MinimumVisualStudioVersion = 10.0.40219.1
Project("{9A19103F-16F7-4668-BE54-9A1E7A4F7556}") = "BookListRazor", "BookListRazor\BookListRazor.csproj", "{3220427C-595E-43E3-A8B1-8714642C9202}"
EndProject
Project("{2150E333-8FDC-42A3-9474-1A3956D46DE8}") = "Solution Items", "Solution Items", "{297D2E4B-F330-40AC-B300-20D678FC9A8F}"
	ProjectSection(SolutionItems) = preProject
		.editorconfig = .editorconfig
	EndProjectSection
EndProject
Global
	GlobalSection(SolutionConfigurationPlatforms) = preSolution
		Debug|Any CPU = Debug|Any CPU
		Release|Any CPU = Release|Any CPU
	EndGlobalSection
	GlobalSection(ProjectConfigurationPlatforms) = postSolution
		{3220427C-595E-43E3-A8B1-8714642C9202}.Debug|Any CPU.ActiveCfg = Debug|Any CPU
		{3220427C-595E-43E3-A8B1-8714642C9202}.Debug|Any CPU.Build.0 = Debug|Any CPU
		{3220427C-595E-43E3-A8B1-8714642C9202}.Release|Any CPU.ActiveCfg = Release|Any CPU
		{3220427C-595E-43E3-A8B1-8714642C9202}.Release|Any CPU.Build.0 = Release|Any CPU
	EndGlobalSection
	GlobalSection(SolutionProperties) = preSolution
		HideSolutionNode = FALSE
	EndGlobalSection
	GlobalSection(ExtensibilityGlobals) = postSolution
		SolutionGuid = {C645723A-A2DF-44AD-BCC4-3F10FD91464D}
	EndGlobalSection
EndGlobal
